// !$*UTF8*$!
{
	archiveVersion = 1;
	classes = {
	};
	objectVersion = 51;
	objects = {

/* Begin PBXBuildFile section */
		24F5866E217B8C761017463B /* libPods-WeatherTestApp.a in Frameworks */ = {isa = PBXBuildFile; fileRef = 10C70D09FBFA602786B484D5 /* libPods-WeatherTestApp.a */; };
		CE4AA74D24DAC90E00155AF3 /* AppDelegate.swift in Sources */ = {isa = PBXBuildFile; fileRef = CE4AA74C24DAC90E00155AF3 /* AppDelegate.swift */; };
		CE4AA74F24DAC90E00155AF3 /* SceneDelegate.swift in Sources */ = {isa = PBXBuildFile; fileRef = CE4AA74E24DAC90E00155AF3 /* SceneDelegate.swift */; };
		CE4AA75424DAC90E00155AF3 /* Main.storyboard in Resources */ = {isa = PBXBuildFile; fileRef = CE4AA75224DAC90E00155AF3 /* Main.storyboard */; };
		CE4AA75624DAC91200155AF3 /* Assets.xcassets in Resources */ = {isa = PBXBuildFile; fileRef = CE4AA75524DAC91200155AF3 /* Assets.xcassets */; };
		CE4AA75924DAC91200155AF3 /* LaunchScreen.storyboard in Resources */ = {isa = PBXBuildFile; fileRef = CE4AA75724DAC91200155AF3 /* LaunchScreen.storyboard */; };
		CE4AA76124DACA5C00155AF3 /* .gitignore in Resources */ = {isa = PBXBuildFile; fileRef = CE4AA76024DACA5C00155AF3 /* .gitignore */; };
		CE4AA76524DACB4C00155AF3 /* UIView+Layout.swift in Sources */ = {isa = PBXBuildFile; fileRef = CE4AA76424DACB4C00155AF3 /* UIView+Layout.swift */; };
		CE4AA76824DACB7C00155AF3 /* MainController.swift in Sources */ = {isa = PBXBuildFile; fileRef = CE4AA76724DACB7C00155AF3 /* MainController.swift */; };
		CE4AA76C24DACFE100155AF3 /* TempController.swift in Sources */ = {isa = PBXBuildFile; fileRef = CE4AA76B24DACFE100155AF3 /* TempController.swift */; };
		CE4AA76E24DAD7EE00155AF3 /* APIService.swift in Sources */ = {isa = PBXBuildFile; fileRef = CE4AA76D24DAD7EE00155AF3 /* APIService.swift */; };
		CE4AA77224DAEC1000155AF3 /* Alert.swift in Sources */ = {isa = PBXBuildFile; fileRef = CE4AA77124DAEC1000155AF3 /* Alert.swift */; };
		CE4AA77524DAEC4900155AF3 /* Constants.swift in Sources */ = {isa = PBXBuildFile; fileRef = CE4AA77424DAEC4900155AF3 /* Constants.swift */; };
		CE4AA77724DAEC5000155AF3 /* Translate.swift in Sources */ = {isa = PBXBuildFile; fileRef = CE4AA77624DAEC5000155AF3 /* Translate.swift */; };
		CE4AA77924DAED9500155AF3 /* Weather.swift in Sources */ = {isa = PBXBuildFile; fileRef = CE4AA77824DAED9500155AF3 /* Weather.swift */; };
		CE4AA77B24DAEDFD00155AF3 /* Description.swift in Sources */ = {isa = PBXBuildFile; fileRef = CE4AA77A24DAEDFD00155AF3 /* Description.swift */; };
		CE4AA77D24DAEE1600155AF3 /* Temp.swift in Sources */ = {isa = PBXBuildFile; fileRef = CE4AA77C24DAEE1600155AF3 /* Temp.swift */; };
		CE710D5624DAF010007540AC /* MainView.swift in Sources */ = {isa = PBXBuildFile; fileRef = CE710D5524DAF010007540AC /* MainView.swift */; };
		CE710D5824DAF67B007540AC /* TempLoader.swift in Sources */ = {isa = PBXBuildFile; fileRef = CE710D5724DAF67B007540AC /* TempLoader.swift */; };
		CE710D5C24DAFA40007540AC /* TempView.swift in Sources */ = {isa = PBXBuildFile; fileRef = CE710D5B24DAFA40007540AC /* TempView.swift */; };
		CE710D5E24DAFC83007540AC /* readme.md in Resources */ = {isa = PBXBuildFile; fileRef = CE710D5D24DAFC83007540AC /* readme.md */; };
		CE710D6024DAFEF3007540AC /* Router.swift in Sources */ = {isa = PBXBuildFile; fileRef = CE710D5F24DAFEF3007540AC /* Router.swift */; };
		CE710D6224DAFF94007540AC /* Builder.swift in Sources */ = {isa = PBXBuildFile; fileRef = CE710D6124DAFF94007540AC /* Builder.swift */; };
		CEA9400C24DBD1DB001502D8 /* Builder-protocol.swift in Sources */ = {isa = PBXBuildFile; fileRef = CEA9400B24DBD1DB001502D8 /* Builder-protocol.swift */; };
		CEA9400E24DBD210001502D8 /* Router-protocol.swift in Sources */ = {isa = PBXBuildFile; fileRef = CEA9400D24DBD210001502D8 /* Router-protocol.swift */; };
		CEA9401124DBD344001502D8 /* MainProcessor.swift in Sources */ = {isa = PBXBuildFile; fileRef = CEA9401024DBD344001502D8 /* MainProcessor.swift */; };
		CEA9401524DBD9A9001502D8 /* MainProcessor-protocol.swift in Sources */ = {isa = PBXBuildFile; fileRef = CEA9401424DBD9A9001502D8 /* MainProcessor-protocol.swift */; };
		CEA9401824DBDACA001502D8 /* TempLoader-protocol.swift in Sources */ = {isa = PBXBuildFile; fileRef = CEA9401724DBDACA001502D8 /* TempLoader-protocol.swift */; };
		CEA9401A24DBEB52001502D8 /* CustomButton.swift in Sources */ = {isa = PBXBuildFile; fileRef = CEA9401924DBEB52001502D8 /* CustomButton.swift */; };
		CEA9402024DBF7D8001502D8 /* MapView.swift in Sources */ = {isa = PBXBuildFile; fileRef = CEA9401F24DBF7D8001502D8 /* MapView.swift */; };
		CEA9402224DBF806001502D8 /* MapController.swift in Sources */ = {isa = PBXBuildFile; fileRef = CEA9402124DBF806001502D8 /* MapController.swift */; };
		CEA9402424DC02BF001502D8 /* AppleMapView.swift in Sources */ = {isa = PBXBuildFile; fileRef = CEA9402324DC02BF001502D8 /* AppleMapView.swift */; };
		CEA9402624DC0359001502D8 /* GoogleMapView.swift in Sources */ = {isa = PBXBuildFile; fileRef = CEA9402524DC0359001502D8 /* GoogleMapView.swift */; };
		CEA9402924DC2EF5001502D8 /* MapState-protocol.swift in Sources */ = {isa = PBXBuildFile; fileRef = CEA9402824DC2EF5001502D8 /* MapState-protocol.swift */; };
		CEEEF9D924DD72FC00DB1EC8 /* Coord.swift in Sources */ = {isa = PBXBuildFile; fileRef = CEEEF9D824DD72FC00DB1EC8 /* Coord.swift */; };
		CEEEF9DB24DD78AA00DB1EC8 /* MapData.swift in Sources */ = {isa = PBXBuildFile; fileRef = CEEEF9DA24DD78AA00DB1EC8 /* MapData.swift */; };
/* End PBXBuildFile section */

/* Begin PBXFileReference section */
		10C70D09FBFA602786B484D5 /* libPods-WeatherTestApp.a */ = {isa = PBXFileReference; explicitFileType = archive.ar; includeInIndex = 0; path = "libPods-WeatherTestApp.a"; sourceTree = BUILT_PRODUCTS_DIR; };
		A117AC4A8E0A994BCCD3BDD0 /* Pods-WeatherTestApp.release.xcconfig */ = {isa = PBXFileReference; includeInIndex = 1; lastKnownFileType = text.xcconfig; name = "Pods-WeatherTestApp.release.xcconfig"; path = "Target Support Files/Pods-WeatherTestApp/Pods-WeatherTestApp.release.xcconfig"; sourceTree = "<group>"; };
		CE4AA74924DAC90E00155AF3 /* WeatherTestApp.app */ = {isa = PBXFileReference; explicitFileType = wrapper.application; includeInIndex = 0; path = WeatherTestApp.app; sourceTree = BUILT_PRODUCTS_DIR; };
		CE4AA74C24DAC90E00155AF3 /* AppDelegate.swift */ = {isa = PBXFileReference; lastKnownFileType = sourcecode.swift; path = AppDelegate.swift; sourceTree = "<group>"; };
		CE4AA74E24DAC90E00155AF3 /* SceneDelegate.swift */ = {isa = PBXFileReference; lastKnownFileType = sourcecode.swift; path = SceneDelegate.swift; sourceTree = "<group>"; };
		CE4AA75324DAC90E00155AF3 /* Base */ = {isa = PBXFileReference; lastKnownFileType = file.storyboard; name = Base; path = Base.lproj/Main.storyboard; sourceTree = "<group>"; };
		CE4AA75524DAC91200155AF3 /* Assets.xcassets */ = {isa = PBXFileReference; lastKnownFileType = folder.assetcatalog; path = Assets.xcassets; sourceTree = "<group>"; };
		CE4AA75824DAC91200155AF3 /* Base */ = {isa = PBXFileReference; lastKnownFileType = file.storyboard; name = Base; path = Base.lproj/LaunchScreen.storyboard; sourceTree = "<group>"; };
		CE4AA75A24DAC91200155AF3 /* Info.plist */ = {isa = PBXFileReference; lastKnownFileType = text.plist.xml; path = Info.plist; sourceTree = "<group>"; };
		CE4AA76024DACA5C00155AF3 /* .gitignore */ = {isa = PBXFileReference; lastKnownFileType = text; path = .gitignore; sourceTree = "<group>"; };
		CE4AA76424DACB4C00155AF3 /* UIView+Layout.swift */ = {isa = PBXFileReference; lastKnownFileType = sourcecode.swift; path = "UIView+Layout.swift"; sourceTree = "<group>"; };
		CE4AA76724DACB7C00155AF3 /* MainController.swift */ = {isa = PBXFileReference; lastKnownFileType = sourcecode.swift; path = MainController.swift; sourceTree = "<group>"; };
		CE4AA76B24DACFE100155AF3 /* TempController.swift */ = {isa = PBXFileReference; lastKnownFileType = sourcecode.swift; path = TempController.swift; sourceTree = "<group>"; };
		CE4AA76D24DAD7EE00155AF3 /* APIService.swift */ = {isa = PBXFileReference; lastKnownFileType = sourcecode.swift; path = APIService.swift; sourceTree = "<group>"; };
		CE4AA77124DAEC1000155AF3 /* Alert.swift */ = {isa = PBXFileReference; lastKnownFileType = sourcecode.swift; path = Alert.swift; sourceTree = "<group>"; };
		CE4AA77424DAEC4900155AF3 /* Constants.swift */ = {isa = PBXFileReference; lastKnownFileType = sourcecode.swift; path = Constants.swift; sourceTree = "<group>"; };
		CE4AA77624DAEC5000155AF3 /* Translate.swift */ = {isa = PBXFileReference; lastKnownFileType = sourcecode.swift; path = Translate.swift; sourceTree = "<group>"; };
		CE4AA77824DAED9500155AF3 /* Weather.swift */ = {isa = PBXFileReference; lastKnownFileType = sourcecode.swift; path = Weather.swift; sourceTree = "<group>"; };
		CE4AA77A24DAEDFD00155AF3 /* Description.swift */ = {isa = PBXFileReference; lastKnownFileType = sourcecode.swift; path = Description.swift; sourceTree = "<group>"; };
		CE4AA77C24DAEE1600155AF3 /* Temp.swift */ = {isa = PBXFileReference; lastKnownFileType = sourcecode.swift; path = Temp.swift; sourceTree = "<group>"; };
		CE710D5524DAF010007540AC /* MainView.swift */ = {isa = PBXFileReference; fileEncoding = 4; lastKnownFileType = sourcecode.swift; path = MainView.swift; sourceTree = "<group>"; };
		CE710D5724DAF67B007540AC /* TempLoader.swift */ = {isa = PBXFileReference; lastKnownFileType = sourcecode.swift; path = TempLoader.swift; sourceTree = "<group>"; };
		CE710D5B24DAFA40007540AC /* TempView.swift */ = {isa = PBXFileReference; lastKnownFileType = sourcecode.swift; path = TempView.swift; sourceTree = "<group>"; };
		CE710D5D24DAFC83007540AC /* readme.md */ = {isa = PBXFileReference; lastKnownFileType = net.daringfireball.markdown; path = readme.md; sourceTree = "<group>"; };
		CE710D5F24DAFEF3007540AC /* Router.swift */ = {isa = PBXFileReference; lastKnownFileType = sourcecode.swift; path = Router.swift; sourceTree = "<group>"; };
		CE710D6124DAFF94007540AC /* Builder.swift */ = {isa = PBXFileReference; lastKnownFileType = sourcecode.swift; path = Builder.swift; sourceTree = "<group>"; };
		CEA9400B24DBD1DB001502D8 /* Builder-protocol.swift */ = {isa = PBXFileReference; lastKnownFileType = sourcecode.swift; path = "Builder-protocol.swift"; sourceTree = "<group>"; };
		CEA9400D24DBD210001502D8 /* Router-protocol.swift */ = {isa = PBXFileReference; lastKnownFileType = sourcecode.swift; path = "Router-protocol.swift"; sourceTree = "<group>"; };
		CEA9401024DBD344001502D8 /* MainProcessor.swift */ = {isa = PBXFileReference; lastKnownFileType = sourcecode.swift; path = MainProcessor.swift; sourceTree = "<group>"; };
		CEA9401424DBD9A9001502D8 /* MainProcessor-protocol.swift */ = {isa = PBXFileReference; lastKnownFileType = sourcecode.swift; path = "MainProcessor-protocol.swift"; sourceTree = "<group>"; };
		CEA9401724DBDACA001502D8 /* TempLoader-protocol.swift */ = {isa = PBXFileReference; lastKnownFileType = sourcecode.swift; path = "TempLoader-protocol.swift"; sourceTree = "<group>"; };
		CEA9401924DBEB52001502D8 /* CustomButton.swift */ = {isa = PBXFileReference; lastKnownFileType = sourcecode.swift; path = CustomButton.swift; sourceTree = "<group>"; };
		CEA9401F24DBF7D8001502D8 /* MapView.swift */ = {isa = PBXFileReference; lastKnownFileType = sourcecode.swift; path = MapView.swift; sourceTree = "<group>"; };
		CEA9402124DBF806001502D8 /* MapController.swift */ = {isa = PBXFileReference; lastKnownFileType = sourcecode.swift; path = MapController.swift; sourceTree = "<group>"; };
		CEA9402324DC02BF001502D8 /* AppleMapView.swift */ = {isa = PBXFileReference; lastKnownFileType = sourcecode.swift; path = AppleMapView.swift; sourceTree = "<group>"; };
		CEA9402524DC0359001502D8 /* GoogleMapView.swift */ = {isa = PBXFileReference; lastKnownFileType = sourcecode.swift; path = GoogleMapView.swift; sourceTree = "<group>"; };
		CEA9402824DC2EF5001502D8 /* MapState-protocol.swift */ = {isa = PBXFileReference; lastKnownFileType = sourcecode.swift; path = "MapState-protocol.swift"; sourceTree = "<group>"; };
		CEEEF9D824DD72FC00DB1EC8 /* Coord.swift */ = {isa = PBXFileReference; lastKnownFileType = sourcecode.swift; path = Coord.swift; sourceTree = "<group>"; };
		CEEEF9DA24DD78AA00DB1EC8 /* MapData.swift */ = {isa = PBXFileReference; lastKnownFileType = sourcecode.swift; path = MapData.swift; sourceTree = "<group>"; };
		E2D1F4DA845BADBB34D45125 /* Pods-WeatherTestApp.debug.xcconfig */ = {isa = PBXFileReference; includeInIndex = 1; lastKnownFileType = text.xcconfig; name = "Pods-WeatherTestApp.debug.xcconfig"; path = "Target Support Files/Pods-WeatherTestApp/Pods-WeatherTestApp.debug.xcconfig"; sourceTree = "<group>"; };
/* End PBXFileReference section */

/* Begin PBXFrameworksBuildPhase section */
		CE4AA74624DAC90E00155AF3 /* Frameworks */ = {
			isa = PBXFrameworksBuildPhase;
			buildActionMask = 2147483647;
			files = (
				24F5866E217B8C761017463B /* libPods-WeatherTestApp.a in Frameworks */,
			);
			runOnlyForDeploymentPostprocessing = 0;
		};
/* End PBXFrameworksBuildPhase section */

/* Begin PBXGroup section */
		1335539A3DD739830B79DA5F /* Pods */ = {
			isa = PBXGroup;
			children = (
				E2D1F4DA845BADBB34D45125 /* Pods-WeatherTestApp.debug.xcconfig */,
				A117AC4A8E0A994BCCD3BDD0 /* Pods-WeatherTestApp.release.xcconfig */,
			);
			path = Pods;
			sourceTree = "<group>";
		};
		8FD148A465A911D570BEA778 /* Frameworks */ = {
			isa = PBXGroup;
			children = (
				10C70D09FBFA602786B484D5 /* libPods-WeatherTestApp.a */,
			);
			name = Frameworks;
			sourceTree = "<group>";
		};
		CE4AA74024DAC90E00155AF3 = {
			isa = PBXGroup;
			children = (
				CE4AA76024DACA5C00155AF3 /* .gitignore */,
				CE710D5D24DAFC83007540AC /* readme.md */,
				CE4AA74B24DAC90E00155AF3 /* WeatherTestApp */,
				CE4AA74A24DAC90E00155AF3 /* Products */,
				1335539A3DD739830B79DA5F /* Pods */,
				8FD148A465A911D570BEA778 /* Frameworks */,
			);
			sourceTree = "<group>";
		};
		CE4AA74A24DAC90E00155AF3 /* Products */ = {
			isa = PBXGroup;
			children = (
				CE4AA74924DAC90E00155AF3 /* WeatherTestApp.app */,
			);
			name = Products;
			sourceTree = "<group>";
		};
		CE4AA74B24DAC90E00155AF3 /* WeatherTestApp */ = {
			isa = PBXGroup;
			children = (
				CE4AA76624DACB6C00155AF3 /* Scene */,
				CE4AA77E24DAEE2000155AF3 /* Models */,
				CE4AA77024DAEC0600155AF3 /* Helper */,
				CE4AA76F24DAEBFC00155AF3 /* Services */,
				CEA9400A24DBD1C4001502D8 /* Protocols */,
				CE4AA76324DACAFF00155AF3 /* Extensions */,
				CE4AA77324DAEC3600155AF3 /* Constants */,
				CEA9401B24DBED1A001502D8 /* Custom views */,
				CE4AA76224DACA8800155AF3 /* Supporting */,
				CE4AA75A24DAC91200155AF3 /* Info.plist */,
			);
			path = WeatherTestApp;
			sourceTree = "<group>";
		};
		CE4AA76224DACA8800155AF3 /* Supporting */ = {
			isa = PBXGroup;
			children = (
				CE4AA74C24DAC90E00155AF3 /* AppDelegate.swift */,
				CE4AA74E24DAC90E00155AF3 /* SceneDelegate.swift */,
				CE4AA75224DAC90E00155AF3 /* Main.storyboard */,
				CE4AA75524DAC91200155AF3 /* Assets.xcassets */,
				CE4AA75724DAC91200155AF3 /* LaunchScreen.storyboard */,
			);
			path = Supporting;
			sourceTree = "<group>";
		};
		CE4AA76324DACAFF00155AF3 /* Extensions */ = {
			isa = PBXGroup;
			children = (
				CE4AA76424DACB4C00155AF3 /* UIView+Layout.swift */,
			);
			path = Extensions;
			sourceTree = "<group>";
		};
		CE4AA76624DACB6C00155AF3 /* Scene */ = {
			isa = PBXGroup;
			children = (
				CE4AA77F24DAEE8600155AF3 /* Main Screen */,
				CE4AA78024DAEE9500155AF3 /* Temp Screen */,
				CEA9401E24DBF661001502D8 /* Map Screen */,
			);
			path = Scene;
			sourceTree = "<group>";
		};
		CE4AA76F24DAEBFC00155AF3 /* Services */ = {
			isa = PBXGroup;
			children = (
				CE4AA76D24DAD7EE00155AF3 /* APIService.swift */,
			);
			path = Services;
			sourceTree = "<group>";
		};
		CE4AA77024DAEC0600155AF3 /* Helper */ = {
			isa = PBXGroup;
			children = (
				CE4AA77124DAEC1000155AF3 /* Alert.swift */,
				CE710D6124DAFF94007540AC /* Builder.swift */,
				CE710D5F24DAFEF3007540AC /* Router.swift */,
			);
			path = Helper;
			sourceTree = "<group>";
		};
		CE4AA77324DAEC3600155AF3 /* Constants */ = {
			isa = PBXGroup;
			children = (
				CE4AA77424DAEC4900155AF3 /* Constants.swift */,
				CE4AA77624DAEC5000155AF3 /* Translate.swift */,
			);
			path = Constants;
			sourceTree = "<group>";
		};
		CE4AA77E24DAEE2000155AF3 /* Models */ = {
			isa = PBXGroup;
			children = (
				CE4AA77824DAED9500155AF3 /* Weather.swift */,
				CE4AA77A24DAEDFD00155AF3 /* Description.swift */,
				CE4AA77C24DAEE1600155AF3 /* Temp.swift */,
				CEEEF9D824DD72FC00DB1EC8 /* Coord.swift */,
				CEEEF9DA24DD78AA00DB1EC8 /* MapData.swift */,
			);
			path = Models;
			sourceTree = "<group>";
		};
		CE4AA77F24DAEE8600155AF3 /* Main Screen */ = {
			isa = PBXGroup;
			children = (
				CEA9400F24DBD336001502D8 /* viewModel */,
				CE4AA78124DAEEA200155AF3 /* view */,
			);
			path = "Main Screen";
			sourceTree = "<group>";
		};
		CE4AA78024DAEE9500155AF3 /* Temp Screen */ = {
			isa = PBXGroup;
			children = (
				CE710D5A24DAF7C5007540AC /* viewModel */,
				CE710D5924DAF7C0007540AC /* view */,
			);
			path = "Temp Screen";
			sourceTree = "<group>";
		};
		CE4AA78124DAEEA200155AF3 /* view */ = {
			isa = PBXGroup;
			children = (
				CE4AA76724DACB7C00155AF3 /* MainController.swift */,
				CE710D5524DAF010007540AC /* MainView.swift */,
			);
			path = view;
			sourceTree = "<group>";
		};
		CE710D5924DAF7C0007540AC /* view */ = {
			isa = PBXGroup;
			children = (
				CE4AA76B24DACFE100155AF3 /* TempController.swift */,
				CE710D5B24DAFA40007540AC /* TempView.swift */,
			);
			path = view;
			sourceTree = "<group>";
		};
		CE710D5A24DAF7C5007540AC /* viewModel */ = {
			isa = PBXGroup;
			children = (
				CE710D5724DAF67B007540AC /* TempLoader.swift */,
			);
			path = viewModel;
			sourceTree = "<group>";
		};
		CEA9400A24DBD1C4001502D8 /* Protocols */ = {
			isa = PBXGroup;
			children = (
				CEA9401324DBD99C001502D8 /* Main screen */,
				CEA9401624DBDAB6001502D8 /* Temp screen */,
				CEA9401224DBD996001502D8 /* Helpers */,
				CEA9402824DC2EF5001502D8 /* MapState-protocol.swift */,
			);
			path = Protocols;
			sourceTree = "<group>";
		};
		CEA9400F24DBD336001502D8 /* viewModel */ = {
			isa = PBXGroup;
			children = (
				CEA9401024DBD344001502D8 /* MainProcessor.swift */,
			);
			path = viewModel;
			sourceTree = "<group>";
		};
		CEA9401224DBD996001502D8 /* Helpers */ = {
			isa = PBXGroup;
			children = (
				CEA9400B24DBD1DB001502D8 /* Builder-protocol.swift */,
				CEA9400D24DBD210001502D8 /* Router-protocol.swift */,
			);
			path = Helpers;
			sourceTree = "<group>";
		};
		CEA9401324DBD99C001502D8 /* Main screen */ = {
			isa = PBXGroup;
			children = (
				CEA9401424DBD9A9001502D8 /* MainProcessor-protocol.swift */,
			);
			path = "Main screen";
			sourceTree = "<group>";
		};
		CEA9401624DBDAB6001502D8 /* Temp screen */ = {
			isa = PBXGroup;
			children = (
				CEA9401724DBDACA001502D8 /* TempLoader-protocol.swift */,
			);
			path = "Temp screen";
			sourceTree = "<group>";
		};
		CEA9401B24DBED1A001502D8 /* Custom views */ = {
			isa = PBXGroup;
			children = (
				CEA9401924DBEB52001502D8 /* CustomButton.swift */,
			);
			path = "Custom views";
			sourceTree = "<group>";
		};
		CEA9401E24DBF661001502D8 /* Map Screen */ = {
			isa = PBXGroup;
			children = (
				CEA9402124DBF806001502D8 /* MapController.swift */,
				CEA9401F24DBF7D8001502D8 /* MapView.swift */,
				CEA9402724DC03E7001502D8 /* Map states */,
			);
			path = "Map Screen";
			sourceTree = "<group>";
		};
		CEA9402724DC03E7001502D8 /* Map states */ = {
			isa = PBXGroup;
			children = (
				CEA9402324DC02BF001502D8 /* AppleMapView.swift */,
				CEA9402524DC0359001502D8 /* GoogleMapView.swift */,
			);
			path = "Map states";
			sourceTree = "<group>";
		};
/* End PBXGroup section */

/* Begin PBXNativeTarget section */
		CE4AA74824DAC90E00155AF3 /* WeatherTestApp */ = {
			isa = PBXNativeTarget;
			buildConfigurationList = CE4AA75D24DAC91200155AF3 /* Build configuration list for PBXNativeTarget "WeatherTestApp" */;
			buildPhases = (
				A4A0E4363708BF242E3B3491 /* [CP] Check Pods Manifest.lock */,
				CE4AA74524DAC90E00155AF3 /* Sources */,
				CE4AA74624DAC90E00155AF3 /* Frameworks */,
				CE4AA74724DAC90E00155AF3 /* Resources */,
				50F24B2F93C16322AAB8C64C /* [CP] Copy Pods Resources */,
			);
			buildRules = (
			);
			dependencies = (
			);
			name = WeatherTestApp;
			productName = WeatherTestApp;
			productReference = CE4AA74924DAC90E00155AF3 /* WeatherTestApp.app */;
			productType = "com.apple.product-type.application";
		};
/* End PBXNativeTarget section */

/* Begin PBXProject section */
		CE4AA74124DAC90E00155AF3 /* Project object */ = {
			isa = PBXProject;
			attributes = {
				LastSwiftUpdateCheck = 1150;
				LastUpgradeCheck = 1150;
				ORGANIZATIONNAME = vironIT;
				TargetAttributes = {
					CE4AA74824DAC90E00155AF3 = {
						CreatedOnToolsVersion = 11.5;
					};
				};
			};
			buildConfigurationList = CE4AA74424DAC90E00155AF3 /* Build configuration list for PBXProject "WeatherTestApp" */;
			compatibilityVersion = "Xcode 9.3";
			developmentRegion = en;
			hasScannedForEncodings = 0;
			knownRegions = (
				en,
				Base,
			);
			mainGroup = CE4AA74024DAC90E00155AF3;
			productRefGroup = CE4AA74A24DAC90E00155AF3 /* Products */;
			projectDirPath = "";
			projectRoot = "";
			targets = (
				CE4AA74824DAC90E00155AF3 /* WeatherTestApp */,
			);
		};
/* End PBXProject section */

/* Begin PBXResourcesBuildPhase section */
		CE4AA74724DAC90E00155AF3 /* Resources */ = {
			isa = PBXResourcesBuildPhase;
			buildActionMask = 2147483647;
			files = (
				CE4AA76124DACA5C00155AF3 /* .gitignore in Resources */,
				CE4AA75924DAC91200155AF3 /* LaunchScreen.storyboard in Resources */,
				CE4AA75624DAC91200155AF3 /* Assets.xcassets in Resources */,
				CE710D5E24DAFC83007540AC /* readme.md in Resources */,
				CE4AA75424DAC90E00155AF3 /* Main.storyboard in Resources */,
			);
			runOnlyForDeploymentPostprocessing = 0;
		};
/* End PBXResourcesBuildPhase section */

/* Begin PBXShellScriptBuildPhase section */
		50F24B2F93C16322AAB8C64C /* [CP] Copy Pods Resources */ = {
			isa = PBXShellScriptBuildPhase;
			buildActionMask = 2147483647;
			files = (
			);
			inputFileListPaths = (
				"${PODS_ROOT}/Target Support Files/Pods-WeatherTestApp/Pods-WeatherTestApp-resources-${CONFIGURATION}-input-files.xcfilelist",
			);
			name = "[CP] Copy Pods Resources";
			outputFileListPaths = (
				"${PODS_ROOT}/Target Support Files/Pods-WeatherTestApp/Pods-WeatherTestApp-resources-${CONFIGURATION}-output-files.xcfilelist",
			);
			runOnlyForDeploymentPostprocessing = 0;
			shellPath = /bin/sh;
			shellScript = "\"${PODS_ROOT}/Target Support Files/Pods-WeatherTestApp/Pods-WeatherTestApp-resources.sh\"\n";
			showEnvVarsInLog = 0;
		};
		A4A0E4363708BF242E3B3491 /* [CP] Check Pods Manifest.lock */ = {
			isa = PBXShellScriptBuildPhase;
			buildActionMask = 2147483647;
			files = (
			);
			inputFileListPaths = (
			);
			inputPaths = (
				"${PODS_PODFILE_DIR_PATH}/Podfile.lock",
				"${PODS_ROOT}/Manifest.lock",
			);
			name = "[CP] Check Pods Manifest.lock";
			outputFileListPaths = (
			);
			outputPaths = (
				"$(DERIVED_FILE_DIR)/Pods-WeatherTestApp-checkManifestLockResult.txt",
			);
			runOnlyForDeploymentPostprocessing = 0;
			shellPath = /bin/sh;
			shellScript = "diff \"${PODS_PODFILE_DIR_PATH}/Podfile.lock\" \"${PODS_ROOT}/Manifest.lock\" > /dev/null\nif [ $? != 0 ] ; then\n    # print error to STDERR\n    echo \"error: The sandbox is not in sync with the Podfile.lock. Run 'pod install' or update your CocoaPods installation.\" >&2\n    exit 1\nfi\n# This output is used by Xcode 'outputs' to avoid re-running this script phase.\necho \"SUCCESS\" > \"${SCRIPT_OUTPUT_FILE_0}\"\n";
			showEnvVarsInLog = 0;
		};
/* End PBXShellScriptBuildPhase section */

/* Begin PBXSourcesBuildPhase section */
		CE4AA74524DAC90E00155AF3 /* Sources */ = {
			isa = PBXSourcesBuildPhase;
			buildActionMask = 2147483647;
			files = (
				CEA9402424DC02BF001502D8 /* AppleMapView.swift in Sources */,
				CE4AA77B24DAEDFD00155AF3 /* Description.swift in Sources */,
				CE710D5624DAF010007540AC /* MainView.swift in Sources */,
				CEA9401824DBDACA001502D8 /* TempLoader-protocol.swift in Sources */,
				CE4AA76824DACB7C00155AF3 /* MainController.swift in Sources */,
				CE4AA76E24DAD7EE00155AF3 /* APIService.swift in Sources */,
				CEA9401A24DBEB52001502D8 /* CustomButton.swift in Sources */,
				CE4AA74D24DAC90E00155AF3 /* AppDelegate.swift in Sources */,
				CE4AA77924DAED9500155AF3 /* Weather.swift in Sources */,
				CEEEF9D924DD72FC00DB1EC8 /* Coord.swift in Sources */,
				CEA9402624DC0359001502D8 /* GoogleMapView.swift in Sources */,
				CE710D5824DAF67B007540AC /* TempLoader.swift in Sources */,
				CEA9400E24DBD210001502D8 /* Router-protocol.swift in Sources */,
				CEA9401524DBD9A9001502D8 /* MainProcessor-protocol.swift in Sources */,
				CEA9402024DBF7D8001502D8 /* MapView.swift in Sources */,
				CE710D6224DAFF94007540AC /* Builder.swift in Sources */,
				CEA9402224DBF806001502D8 /* MapController.swift in Sources */,
				CEA9402924DC2EF5001502D8 /* MapState-protocol.swift in Sources */,
				CE4AA74F24DAC90E00155AF3 /* SceneDelegate.swift in Sources */,
				CEA9401124DBD344001502D8 /* MainProcessor.swift in Sources */,
				CE710D6024DAFEF3007540AC /* Router.swift in Sources */,
				CE4AA77724DAEC5000155AF3 /* Translate.swift in Sources */,
				CE4AA76524DACB4C00155AF3 /* UIView+Layout.swift in Sources */,
				CE4AA77224DAEC1000155AF3 /* Alert.swift in Sources */,
				CE4AA77D24DAEE1600155AF3 /* Temp.swift in Sources */,
				CE710D5C24DAFA40007540AC /* TempView.swift in Sources */,
				CE4AA76C24DACFE100155AF3 /* TempController.swift in Sources */,
				CE4AA77524DAEC4900155AF3 /* Constants.swift in Sources */,
				CEEEF9DB24DD78AA00DB1EC8 /* MapData.swift in Sources */,
				CEA9400C24DBD1DB001502D8 /* Builder-protocol.swift in Sources */,
			);
			runOnlyForDeploymentPostprocessing = 0;
		};
/* End PBXSourcesBuildPhase section */

/* Begin PBXVariantGroup section */
		CE4AA75224DAC90E00155AF3 /* Main.storyboard */ = {
			isa = PBXVariantGroup;
			children = (
				CE4AA75324DAC90E00155AF3 /* Base */,
			);
			name = Main.storyboard;
			sourceTree = "<group>";
		};
		CE4AA75724DAC91200155AF3 /* LaunchScreen.storyboard */ = {
			isa = PBXVariantGroup;
			children = (
				CE4AA75824DAC91200155AF3 /* Base */,
			);
			name = LaunchScreen.storyboard;
			sourceTree = "<group>";
		};
/* End PBXVariantGroup section */

/* Begin XCBuildConfiguration section */
		CE4AA75B24DAC91200155AF3 /* Debug */ = {
			isa = XCBuildConfiguration;
			buildSettings = {
				ALWAYS_SEARCH_USER_PATHS = NO;
				CLANG_ANALYZER_NONNULL = YES;
				CLANG_ANALYZER_NUMBER_OBJECT_CONVERSION = YES_AGGRESSIVE;
				CLANG_CXX_LANGUAGE_STANDARD = "gnu++14";
				CLANG_CXX_LIBRARY = "libc++";
				CLANG_ENABLE_MODULES = YES;
				CLANG_ENABLE_OBJC_ARC = YES;
				CLANG_ENABLE_OBJC_WEAK = YES;
				CLANG_WARN_BLOCK_CAPTURE_AUTORELEASING = YES;
				CLANG_WARN_BOOL_CONVERSION = YES;
				CLANG_WARN_COMMA = YES;
				CLANG_WARN_CONSTANT_CONVERSION = YES;
				CLANG_WARN_DEPRECATED_OBJC_IMPLEMENTATIONS = YES;
				CLANG_WARN_DIRECT_OBJC_ISA_USAGE = YES_ERROR;
				CLANG_WARN_DOCUMENTATION_COMMENTS = YES;
				CLANG_WARN_EMPTY_BODY = YES;
				CLANG_WARN_ENUM_CONVERSION = YES;
				CLANG_WARN_INFINITE_RECURSION = YES;
				CLANG_WARN_INT_CONVERSION = YES;
				CLANG_WARN_NON_LITERAL_NULL_CONVERSION = YES;
				CLANG_WARN_OBJC_IMPLICIT_RETAIN_SELF = YES;
				CLANG_WARN_OBJC_LITERAL_CONVERSION = YES;
				CLANG_WARN_OBJC_ROOT_CLASS = YES_ERROR;
				CLANG_WARN_RANGE_LOOP_ANALYSIS = YES;
				CLANG_WARN_STRICT_PROTOTYPES = YES;
				CLANG_WARN_SUSPICIOUS_MOVE = YES;
				CLANG_WARN_UNGUARDED_AVAILABILITY = YES_AGGRESSIVE;
				CLANG_WARN_UNREACHABLE_CODE = YES;
				CLANG_WARN__DUPLICATE_METHOD_MATCH = YES;
				COPY_PHASE_STRIP = NO;
				DEBUG_INFORMATION_FORMAT = dwarf;
				ENABLE_STRICT_OBJC_MSGSEND = YES;
				ENABLE_TESTABILITY = YES;
				GCC_C_LANGUAGE_STANDARD = gnu11;
				GCC_DYNAMIC_NO_PIC = NO;
				GCC_NO_COMMON_BLOCKS = YES;
				GCC_OPTIMIZATION_LEVEL = 0;
				GCC_PREPROCESSOR_DEFINITIONS = (
					"DEBUG=1",
					"$(inherited)",
				);
				GCC_WARN_64_TO_32_BIT_CONVERSION = YES;
				GCC_WARN_ABOUT_RETURN_TYPE = YES_ERROR;
				GCC_WARN_UNDECLARED_SELECTOR = YES;
				GCC_WARN_UNINITIALIZED_AUTOS = YES_AGGRESSIVE;
				GCC_WARN_UNUSED_FUNCTION = YES;
				GCC_WARN_UNUSED_VARIABLE = YES;
				IPHONEOS_DEPLOYMENT_TARGET = 13.5;
				MTL_ENABLE_DEBUG_INFO = INCLUDE_SOURCE;
				MTL_FAST_MATH = YES;
				ONLY_ACTIVE_ARCH = YES;
				SDKROOT = iphoneos;
				SWIFT_ACTIVE_COMPILATION_CONDITIONS = DEBUG;
				SWIFT_OPTIMIZATION_LEVEL = "-Onone";
			};
			name = Debug;
		};
		CE4AA75C24DAC91200155AF3 /* Release */ = {
			isa = XCBuildConfiguration;
			buildSettings = {
				ALWAYS_SEARCH_USER_PATHS = NO;
				CLANG_ANALYZER_NONNULL = YES;
				CLANG_ANALYZER_NUMBER_OBJECT_CONVERSION = YES_AGGRESSIVE;
				CLANG_CXX_LANGUAGE_STANDARD = "gnu++14";
				CLANG_CXX_LIBRARY = "libc++";
				CLANG_ENABLE_MODULES = YES;
				CLANG_ENABLE_OBJC_ARC = YES;
				CLANG_ENABLE_OBJC_WEAK = YES;
				CLANG_WARN_BLOCK_CAPTURE_AUTORELEASING = YES;
				CLANG_WARN_BOOL_CONVERSION = YES;
				CLANG_WARN_COMMA = YES;
				CLANG_WARN_CONSTANT_CONVERSION = YES;
				CLANG_WARN_DEPRECATED_OBJC_IMPLEMENTATIONS = YES;
				CLANG_WARN_DIRECT_OBJC_ISA_USAGE = YES_ERROR;
				CLANG_WARN_DOCUMENTATION_COMMENTS = YES;
				CLANG_WARN_EMPTY_BODY = YES;
				CLANG_WARN_ENUM_CONVERSION = YES;
				CLANG_WARN_INFINITE_RECURSION = YES;
				CLANG_WARN_INT_CONVERSION = YES;
				CLANG_WARN_NON_LITERAL_NULL_CONVERSION = YES;
				CLANG_WARN_OBJC_IMPLICIT_RETAIN_SELF = YES;
				CLANG_WARN_OBJC_LITERAL_CONVERSION = YES;
				CLANG_WARN_OBJC_ROOT_CLASS = YES_ERROR;
				CLANG_WARN_RANGE_LOOP_ANALYSIS = YES;
				CLANG_WARN_STRICT_PROTOTYPES = YES;
				CLANG_WARN_SUSPICIOUS_MOVE = YES;
				CLANG_WARN_UNGUARDED_AVAILABILITY = YES_AGGRESSIVE;
				CLANG_WARN_UNREACHABLE_CODE = YES;
				CLANG_WARN__DUPLICATE_METHOD_MATCH = YES;
				COPY_PHASE_STRIP = NO;
				DEBUG_INFORMATION_FORMAT = "dwarf-with-dsym";
				ENABLE_NS_ASSERTIONS = NO;
				ENABLE_STRICT_OBJC_MSGSEND = YES;
				GCC_C_LANGUAGE_STANDARD = gnu11;
				GCC_NO_COMMON_BLOCKS = YES;
				GCC_WARN_64_TO_32_BIT_CONVERSION = YES;
				GCC_WARN_ABOUT_RETURN_TYPE = YES_ERROR;
				GCC_WARN_UNDECLARED_SELECTOR = YES;
				GCC_WARN_UNINITIALIZED_AUTOS = YES_AGGRESSIVE;
				GCC_WARN_UNUSED_FUNCTION = YES;
				GCC_WARN_UNUSED_VARIABLE = YES;
				IPHONEOS_DEPLOYMENT_TARGET = 13.5;
				MTL_ENABLE_DEBUG_INFO = NO;
				MTL_FAST_MATH = YES;
				SDKROOT = iphoneos;
				SWIFT_COMPILATION_MODE = wholemodule;
				SWIFT_OPTIMIZATION_LEVEL = "-O";
				VALIDATE_PRODUCT = YES;
			};
			name = Release;
		};
		CE4AA75E24DAC91200155AF3 /* Debug */ = {
			isa = XCBuildConfiguration;
			baseConfigurationReference = E2D1F4DA845BADBB34D45125 /* Pods-WeatherTestApp.debug.xcconfig */;
			buildSettings = {
				ASSETCATALOG_COMPILER_APPICON_NAME = AppIcon;
				CODE_SIGN_STYLE = Automatic;
				INFOPLIST_FILE = WeatherTestApp/Info.plist;
				LD_RUNPATH_SEARCH_PATHS = (
					"$(inherited)",
					"@executable_path/Frameworks",
				);
				PRODUCT_BUNDLE_IDENTIFIER = virontIT.ArsenyKolosowski.WeatherTestApp;
				PRODUCT_NAME = "$(TARGET_NAME)";
				SWIFT_VERSION = 5.0;
				TARGETED_DEVICE_FAMILY = "1,2";
			};
			name = Debug;
		};
		CE4AA75F24DAC91200155AF3 /* Release */ = {
			isa = XCBuildConfiguration;
			baseConfigurationReference = A117AC4A8E0A994BCCD3BDD0 /* Pods-WeatherTestApp.release.xcconfig */;
			buildSettings = {
				ASSETCATALOG_COMPILER_APPICON_NAME = AppIcon;
				CODE_SIGN_STYLE = Automatic;
				INFOPLIST_FILE = WeatherTestApp/Info.plist;
				LD_RUNPATH_SEARCH_PATHS = (
					"$(inherited)",
					"@executable_path/Frameworks",
				);
				PRODUCT_BUNDLE_IDENTIFIER = virontIT.ArsenyKolosowski.WeatherTestApp;
				PRODUCT_NAME = "$(TARGET_NAME)";
				SWIFT_VERSION = 5.0;
				TARGETED_DEVICE_FAMILY = "1,2";
			};
			name = Release;
		};
/* End XCBuildConfiguration section */

/* Begin XCConfigurationList section */
		CE4AA74424DAC90E00155AF3 /* Build configuration list for PBXProject "WeatherTestApp" */ = {
			isa = XCConfigurationList;
			buildConfigurations = (
				CE4AA75B24DAC91200155AF3 /* Debug */,
				CE4AA75C24DAC91200155AF3 /* Release */,
			);
			defaultConfigurationIsVisible = 0;
			defaultConfigurationName = Release;
		};
		CE4AA75D24DAC91200155AF3 /* Build configuration list for PBXNativeTarget "WeatherTestApp" */ = {
			isa = XCConfigurationList;
			buildConfigurations = (
				CE4AA75E24DAC91200155AF3 /* Debug */,
				CE4AA75F24DAC91200155AF3 /* Release */,
			);
			defaultConfigurationIsVisible = 0;
			defaultConfigurationName = Release;
		};
/* End XCConfigurationList section */
	};
	rootObject = CE4AA74124DAC90E00155AF3 /* Project object */;
}
